
Microsoft Visual Studio Solution File, Format Version 12.00
# Visual Studio Version 16
VisualStudioVersion = 16.0.30523.141
MinimumVisualStudioVersion = 10.0.40219.1
Project("{9A19103F-16F7-4668-BE54-9A1E7A4F7556}") = "Conversor", "Conversor\Conversor.csproj", "{F09FDF9B-B1B6-48EE-84D5-216BFE727D6A}"
EndProject
Project("{9A19103F-16F7-4668-BE54-9A1E7A4F7556}") = "InterfazConsola", "InterfazConsola\InterfazConsola.csproj", "{A2CF70BE-FBE5-4CCA-B93D-AD5F5E382726}"
EndProject
Project("{FAE04EC0-301F-11D3-BF4B-00C04F79EFBC}") = "Principal", "Principal\Principal.csproj", "{8AFF169B-9459-46CC-9408-0ADAD94DE830}"
EndProject
Project("{FAE04EC0-301F-11D3-BF4B-00C04F79EFBC}") = "InterfazGrafica", "InterfazGrafica\InterfazGrafica.csproj", "{B99E2A93-6471-46A5-B3A9-5244C5A4DF4A}"
EndProject
Global
	GlobalSection(SolutionConfigurationPlatforms) = preSolution
		Debug|Any CPU = Debug|Any CPU
		Release|Any CPU = Release|Any CPU
	EndGlobalSection
	GlobalSection(ProjectConfigurationPlatforms) = postSolution
		{F09FDF9B-B1B6-48EE-84D5-216BFE727D6A}.Debug|Any CPU.ActiveCfg = Debug|Any CPU
		{F09FDF9B-B1B6-48EE-84D5-216BFE727D6A}.Debug|Any CPU.Build.0 = Debug|Any CPU
		{F09FDF9B-B1B6-48EE-84D5-216BFE727D6A}.Release|Any CPU.ActiveCfg = Release|Any CPU
		{F09FDF9B-B1B6-48EE-84D5-216BFE727D6A}.Release|Any CPU.Build.0 = Release|Any CPU
		{A2CF70BE-FBE5-4CCA-B93D-AD5F5E382726}.Debug|Any CPU.ActiveCfg = Debug|Any CPU
		{A2CF70BE-FBE5-4CCA-B93D-AD5F5E382726}.Debug|Any CPU.Build.0 = Debug|Any CPU
		{A2CF70BE-FBE5-4CCA-B93D-AD5F5E382726}.Release|Any CPU.ActiveCfg = Release|Any CPU
		{A2CF70BE-FBE5-4CCA-B93D-AD5F5E382726}.Release|Any CPU.Build.0 = Release|Any CPU
		{8AFF169B-9459-46CC-9408-0ADAD94DE830}.Debug|Any CPU.ActiveCfg = Debug|Any CPU
		{8AFF169B-9459-46CC-9408-0ADAD94DE830}.Debug|Any CPU.Build.0 = Debug|Any CPU
		{8AFF169B-9459-46CC-9408-0ADAD94DE830}.Release|Any CPU.ActiveCfg = Release|Any CPU
		{8AFF169B-9459-46CC-9408-0ADAD94DE830}.Release|Any CPU.Build.0 = Release|Any CPU
		{B99E2A93-6471-46A5-B3A9-5244C5A4DF4A}.Debug|Any CPU.ActiveCfg = Debug|Any CPU
		{B99E2A93-6471-46A5-B3A9-5244C5A4DF4A}.Debug|Any CPU.Build.0 = Debug|Any CPU
		{B99E2A93-6471-46A5-B3A9-5244C5A4DF4A}.Release|Any CPU.ActiveCfg = Release|Any CPU
		{B99E2A93-6471-46A5-B3A9-5244C5A4DF4A}.Release|Any CPU.Build.0 = Release|Any CPU
	EndGlobalSection
	GlobalSection(SolutionProperties) = preSolution
		HideSolutionNode = FALSE
	EndGlobalSection
	GlobalSection(ExtensibilityGlobals) = postSolution
		SolutionGuid = {01F40DF4-66D1-4759-B9E2-7950F8C4F6DD}
	EndGlobalSection
EndGlobal
